// !$*UTF8*$!
{
	archiveVersion = 1;
	classes = {
	};
	objectVersion = 56;
	objects = {

/* Begin PBXBuildFile section */
		CF6EFBC12C47DD610088BA68 /* RickandMortySurfApp.swift in Sources */ = {isa = PBXBuildFile; fileRef = CF6EFBC02C47DD610088BA68 /* RickandMortySurfApp.swift */; };
		CF6EFBC52C47DD630088BA68 /* Assets.xcassets in Resources */ = {isa = PBXBuildFile; fileRef = CF6EFBC42C47DD630088BA68 /* Assets.xcassets */; };
		CF6EFBC82C47DD630088BA68 /* Preview Assets.xcassets in Resources */ = {isa = PBXBuildFile; fileRef = CF6EFBC72C47DD630088BA68 /* Preview Assets.xcassets */; };
		CF6EFBCF2C47E1690088BA68 /* Launch Screen.storyboard in Resources */ = {isa = PBXBuildFile; fileRef = CF6EFBCE2C47E1690088BA68 /* Launch Screen.storyboard */; };
		CF6EFBD12C47E9340088BA68 /* NetworkService.swift in Sources */ = {isa = PBXBuildFile; fileRef = CF6EFBD02C47E9340088BA68 /* NetworkService.swift */; };
		CF6EFBD82C48003F0088BA68 /* CharacterListResponse.swift in Sources */ = {isa = PBXBuildFile; fileRef = CF6EFBD72C48003F0088BA68 /* CharacterListResponse.swift */; };
		CF6EFBDB2C48F88A0088BA68 /* CharacterListViewModel.swift in Sources */ = {isa = PBXBuildFile; fileRef = CF6EFBDA2C48F88A0088BA68 /* CharacterListViewModel.swift */; };
		CF6EFBDD2C48F8BA0088BA68 /* CharacterDetailViewModel.swift in Sources */ = {isa = PBXBuildFile; fileRef = CF6EFBDC2C48F8BA0088BA68 /* CharacterDetailViewModel.swift */; };
		CF6EFBE12C48F9B90088BA68 /* CharacterListView.swift in Sources */ = {isa = PBXBuildFile; fileRef = CF6EFBE02C48F9B90088BA68 /* CharacterListView.swift */; };
		CF6EFBE32C48F9DB0088BA68 /* CharacterDetailView.swift in Sources */ = {isa = PBXBuildFile; fileRef = CF6EFBE22C48F9DB0088BA68 /* CharacterDetailView.swift */; };
		CF6EFBE52C48FA1E0088BA68 /* AsyncImage.swift in Sources */ = {isa = PBXBuildFile; fileRef = CF6EFBE42C48FA1E0088BA68 /* AsyncImage.swift */; };
		CFB0C94D2C4A52E800C8769E /* TableRow.swift in Sources */ = {isa = PBXBuildFile; fileRef = CFB0C94C2C4A52E800C8769E /* TableRow.swift */; };
		CFB0C9532C4AA05700C8769E /* CharacterFilterView.swift in Sources */ = {isa = PBXBuildFile; fileRef = CFB0C9522C4AA05700C8769E /* CharacterFilterView.swift */; };
		CFB0C9552C4AB29500C8769E /* FilterSettingsView.swift in Sources */ = {isa = PBXBuildFile; fileRef = CFB0C9542C4AB29500C8769E /* FilterSettingsView.swift */; };
		CFB0C9572C4AE54E00C8769E /* NetworkMonitor.swift in Sources */ = {isa = PBXBuildFile; fileRef = CFB0C9562C4AE54E00C8769E /* NetworkMonitor.swift */; };
		CFB0C9592C4AE5BF00C8769E /* NoConnectionView.swift in Sources */ = {isa = PBXBuildFile; fileRef = CFB0C9582C4AE5BF00C8769E /* NoConnectionView.swift */; };
/* End PBXBuildFile section */

/* Begin PBXFileReference section */
		CF6EFBBD2C47DD610088BA68 /* RickandMortySurf.app */ = {isa = PBXFileReference; explicitFileType = wrapper.application; includeInIndex = 0; path = RickandMortySurf.app; sourceTree = BUILT_PRODUCTS_DIR; };
		CF6EFBC02C47DD610088BA68 /* RickandMortySurfApp.swift */ = {isa = PBXFileReference; lastKnownFileType = sourcecode.swift; path = RickandMortySurfApp.swift; sourceTree = "<group>"; };
		CF6EFBC42C47DD630088BA68 /* Assets.xcassets */ = {isa = PBXFileReference; lastKnownFileType = folder.assetcatalog; path = Assets.xcassets; sourceTree = "<group>"; };
		CF6EFBC72C47DD630088BA68 /* Preview Assets.xcassets */ = {isa = PBXFileReference; lastKnownFileType = folder.assetcatalog; path = "Preview Assets.xcassets"; sourceTree = "<group>"; };
		CF6EFBCE2C47E1690088BA68 /* Launch Screen.storyboard */ = {isa = PBXFileReference; lastKnownFileType = file.storyboard; path = "Launch Screen.storyboard"; sourceTree = "<group>"; };
		CF6EFBD02C47E9340088BA68 /* NetworkService.swift */ = {isa = PBXFileReference; lastKnownFileType = sourcecode.swift; path = NetworkService.swift; sourceTree = "<group>"; };
		CF6EFBD72C48003F0088BA68 /* CharacterListResponse.swift */ = {isa = PBXFileReference; lastKnownFileType = sourcecode.swift; path = CharacterListResponse.swift; sourceTree = "<group>"; };
		CF6EFBDA2C48F88A0088BA68 /* CharacterListViewModel.swift */ = {isa = PBXFileReference; lastKnownFileType = sourcecode.swift; path = CharacterListViewModel.swift; sourceTree = "<group>"; };
		CF6EFBDC2C48F8BA0088BA68 /* CharacterDetailViewModel.swift */ = {isa = PBXFileReference; lastKnownFileType = sourcecode.swift; path = CharacterDetailViewModel.swift; sourceTree = "<group>"; };
		CF6EFBE02C48F9B90088BA68 /* CharacterListView.swift */ = {isa = PBXFileReference; lastKnownFileType = sourcecode.swift; path = CharacterListView.swift; sourceTree = "<group>"; };
		CF6EFBE22C48F9DB0088BA68 /* CharacterDetailView.swift */ = {isa = PBXFileReference; lastKnownFileType = sourcecode.swift; path = CharacterDetailView.swift; sourceTree = "<group>"; };
		CF6EFBE42C48FA1E0088BA68 /* AsyncImage.swift */ = {isa = PBXFileReference; lastKnownFileType = sourcecode.swift; path = AsyncImage.swift; sourceTree = "<group>"; };
		CFB0C94C2C4A52E800C8769E /* TableRow.swift */ = {isa = PBXFileReference; lastKnownFileType = sourcecode.swift; path = TableRow.swift; sourceTree = "<group>"; };
		CFB0C9522C4AA05700C8769E /* CharacterFilterView.swift */ = {isa = PBXFileReference; lastKnownFileType = sourcecode.swift; path = CharacterFilterView.swift; sourceTree = "<group>"; };
		CFB0C9542C4AB29500C8769E /* FilterSettingsView.swift */ = {isa = PBXFileReference; lastKnownFileType = sourcecode.swift; path = FilterSettingsView.swift; sourceTree = "<group>"; };
		CFB0C9562C4AE54E00C8769E /* NetworkMonitor.swift */ = {isa = PBXFileReference; lastKnownFileType = sourcecode.swift; path = NetworkMonitor.swift; sourceTree = "<group>"; };
		CFB0C9582C4AE5BF00C8769E /* NoConnectionView.swift */ = {isa = PBXFileReference; lastKnownFileType = sourcecode.swift; path = NoConnectionView.swift; sourceTree = "<group>"; };
/* End PBXFileReference section */

/* Begin PBXFrameworksBuildPhase section */
		CF6EFBBA2C47DD610088BA68 /* Frameworks */ = {
			isa = PBXFrameworksBuildPhase;
			buildActionMask = 2147483647;
			files = (
			);
			runOnlyForDeploymentPostprocessing = 0;
		};
/* End PBXFrameworksBuildPhase section */

/* Begin PBXGroup section */
		CF6EFBB42C47DD610088BA68 = {
			isa = PBXGroup;
			children = (
				CF6EFBBF2C47DD610088BA68 /* RickandMortySurf */,
				CF6EFBBE2C47DD610088BA68 /* Products */,
			);
			sourceTree = "<group>";
		};
		CF6EFBBE2C47DD610088BA68 /* Products */ = {
			isa = PBXGroup;
			children = (
				CF6EFBBD2C47DD610088BA68 /* RickandMortySurf.app */,
			);
			name = Products;
			sourceTree = "<group>";
		};
		CF6EFBBF2C47DD610088BA68 /* RickandMortySurf */ = {
			isa = PBXGroup;
			children = (
				CF6EFBC02C47DD610088BA68 /* RickandMortySurfApp.swift */,
				CF6EFBDF2C48F9AB0088BA68 /* Views */,
				CF6EFBDE2C48F8E70088BA68 /* ViewModels */,
				CF6EFBD92C48EDAF0088BA68 /* Managers */,
				CF6EFBC42C47DD630088BA68 /* Assets.xcassets */,
				CF6EFBD62C47FD630088BA68 /* Models */,
				CF6EFBC62C47DD630088BA68 /* Preview Content */,
				CF6EFBCE2C47E1690088BA68 /* Launch Screen.storyboard */,
			);
			name = RickandMortySurf;
			path = RikAndMortiSurf;
			sourceTree = "<group>";
		};
		CF6EFBC62C47DD630088BA68 /* Preview Content */ = {
			isa = PBXGroup;
			children = (
				CF6EFBC72C47DD630088BA68 /* Preview Assets.xcassets */,
			);
			path = "Preview Content";
			sourceTree = "<group>";
		};
		CF6EFBD62C47FD630088BA68 /* Models */ = {
			isa = PBXGroup;
			children = (
				CF6EFBD72C48003F0088BA68 /* CharacterListResponse.swift */,
			);
			path = Models;
			sourceTree = "<group>";
		};
		CF6EFBD92C48EDAF0088BA68 /* Managers */ = {
			isa = PBXGroup;
			children = (
				CFB0C9562C4AE54E00C8769E /* NetworkMonitor.swift */,
				CF6EFBD02C47E9340088BA68 /* NetworkService.swift */,
			);
			path = Managers;
			sourceTree = "<group>";
		};
		CF6EFBDE2C48F8E70088BA68 /* ViewModels */ = {
			isa = PBXGroup;
			children = (
				CF6EFBDA2C48F88A0088BA68 /* CharacterListViewModel.swift */,
				CF6EFBDC2C48F8BA0088BA68 /* CharacterDetailViewModel.swift */,
			);
			path = ViewModels;
			sourceTree = "<group>";
		};
		CF6EFBDF2C48F9AB0088BA68 /* Views */ = {
			isa = PBXGroup;
			children = (
				CFB0C9522C4AA05700C8769E /* CharacterFilterView.swift */,
				CF6EFBE02C48F9B90088BA68 /* CharacterListView.swift */,
				CFB0C9542C4AB29500C8769E /* FilterSettingsView.swift */,
				CF6EFBE22C48F9DB0088BA68 /* CharacterDetailView.swift */,
				CF6EFBE42C48FA1E0088BA68 /* AsyncImage.swift */,
				CFB0C94C2C4A52E800C8769E /* TableRow.swift */,
				CFB0C9582C4AE5BF00C8769E /* NoConnectionView.swift */,
			);
			path = Views;
			sourceTree = "<group>";
		};
/* End PBXGroup section */

/* Begin PBXNativeTarget section */
		CF6EFBBC2C47DD610088BA68 /* RickandMortySurf */ = {
			isa = PBXNativeTarget;
			buildConfigurationList = CF6EFBCB2C47DD630088BA68 /* Build configuration list for PBXNativeTarget "RickandMortySurf" */;
			buildPhases = (
				CF6EFBB92C47DD610088BA68 /* Sources */,
				CF6EFBBA2C47DD610088BA68 /* Frameworks */,
				CF6EFBBB2C47DD610088BA68 /* Resources */,
			);
			buildRules = (
			);
			dependencies = (
			);
			name = RickandMortySurf;
			productName = RikAndMortiSurf;
			productReference = CF6EFBBD2C47DD610088BA68 /* RickandMortySurf.app */;
			productType = "com.apple.product-type.application";
		};
/* End PBXNativeTarget section */

/* Begin PBXProject section */
		CF6EFBB52C47DD610088BA68 /* Project object */ = {
			isa = PBXProject;
			attributes = {
				BuildIndependentTargetsInParallel = 1;
				LastSwiftUpdateCheck = 1540;
				LastUpgradeCheck = 1540;
				TargetAttributes = {
					CF6EFBBC2C47DD610088BA68 = {
						CreatedOnToolsVersion = 15.4;
					};
				};
			};
			buildConfigurationList = CF6EFBB82C47DD610088BA68 /* Build configuration list for PBXProject "RickandMortySurf" */;
			compatibilityVersion = "Xcode 14.0";
			developmentRegion = en;
			hasScannedForEncodings = 0;
			knownRegions = (
				en,
				Base,
			);
			mainGroup = CF6EFBB42C47DD610088BA68;
			productRefGroup = CF6EFBBE2C47DD610088BA68 /* Products */;
			projectDirPath = "";
			projectRoot = "";
			targets = (
				CF6EFBBC2C47DD610088BA68 /* RickandMortySurf */,
			);
		};
/* End PBXProject section */

/* Begin PBXResourcesBuildPhase section */
		CF6EFBBB2C47DD610088BA68 /* Resources */ = {
			isa = PBXResourcesBuildPhase;
			buildActionMask = 2147483647;
			files = (
				CF6EFBCF2C47E1690088BA68 /* Launch Screen.storyboard in Resources */,
				CF6EFBC82C47DD630088BA68 /* Preview Assets.xcassets in Resources */,
				CF6EFBC52C47DD630088BA68 /* Assets.xcassets in Resources */,
			);
			runOnlyForDeploymentPostprocessing = 0;
		};
/* End PBXResourcesBuildPhase section */

/* Begin PBXSourcesBuildPhase section */
		CF6EFBB92C47DD610088BA68 /* Sources */ = {
			isa = PBXSourcesBuildPhase;
			buildActionMask = 2147483647;
			files = (
				CF6EFBE52C48FA1E0088BA68 /* AsyncImage.swift in Sources */,
				CF6EFBE32C48F9DB0088BA68 /* CharacterDetailView.swift in Sources */,
				CFB0C94D2C4A52E800C8769E /* TableRow.swift in Sources */,
				CF6EFBD82C48003F0088BA68 /* CharacterListResponse.swift in Sources */,
				CF6EFBDB2C48F88A0088BA68 /* CharacterListViewModel.swift in Sources */,
				CF6EFBD12C47E9340088BA68 /* NetworkService.swift in Sources */,
				CF6EFBDD2C48F8BA0088BA68 /* CharacterDetailViewModel.swift in Sources */,
				CFB0C9552C4AB29500C8769E /* FilterSettingsView.swift in Sources */,
				CFB0C9572C4AE54E00C8769E /* NetworkMonitor.swift in Sources */,
				CF6EFBE12C48F9B90088BA68 /* CharacterListView.swift in Sources */,
				CF6EFBC12C47DD610088BA68 /* RickandMortySurfApp.swift in Sources */,
				CFB0C9532C4AA05700C8769E /* CharacterFilterView.swift in Sources */,
				CFB0C9592C4AE5BF00C8769E /* NoConnectionView.swift in Sources */,
			);
			runOnlyForDeploymentPostprocessing = 0;
		};
/* End PBXSourcesBuildPhase section */

/* Begin XCBuildConfiguration section */
		CF6EFBC92C47DD630088BA68 /* Debug */ = {
			isa = XCBuildConfiguration;
			buildSettings = {
				ALWAYS_SEARCH_USER_PATHS = NO;
				ASSETCATALOG_COMPILER_GENERATE_SWIFT_ASSET_SYMBOL_EXTENSIONS = YES;
				CLANG_ANALYZER_NONNULL = YES;
				CLANG_ANALYZER_NUMBER_OBJECT_CONVERSION = YES_AGGRESSIVE;
				CLANG_CXX_LANGUAGE_STANDARD = "gnu++20";
				CLANG_ENABLE_MODULES = YES;
				CLANG_ENABLE_OBJC_ARC = YES;
				CLANG_ENABLE_OBJC_WEAK = YES;
				CLANG_WARN_BLOCK_CAPTURE_AUTORELEASING = YES;
				CLANG_WARN_BOOL_CONVERSION = YES;
				CLANG_WARN_COMMA = YES;
				CLANG_WARN_CONSTANT_CONVERSION = YES;
				CLANG_WARN_DEPRECATED_OBJC_IMPLEMENTATIONS = YES;
				CLANG_WARN_DIRECT_OBJC_ISA_USAGE = YES_ERROR;
				CLANG_WARN_DOCUMENTATION_COMMENTS = YES;
				CLANG_WARN_EMPTY_BODY = YES;
				CLANG_WARN_ENUM_CONVERSION = YES;
				CLANG_WARN_INFINITE_RECURSION = YES;
				CLANG_WARN_INT_CONVERSION = YES;
				CLANG_WARN_NON_LITERAL_NULL_CONVERSION = YES;
				CLANG_WARN_OBJC_IMPLICIT_RETAIN_SELF = YES;
				CLANG_WARN_OBJC_LITERAL_CONVERSION = YES;
				CLANG_WARN_OBJC_ROOT_CLASS = YES_ERROR;
				CLANG_WARN_QUOTED_INCLUDE_IN_FRAMEWORK_HEADER = YES;
				CLANG_WARN_RANGE_LOOP_ANALYSIS = YES;
				CLANG_WARN_STRICT_PROTOTYPES = YES;
				CLANG_WARN_SUSPICIOUS_MOVE = YES;
				CLANG_WARN_UNGUARDED_AVAILABILITY = YES_AGGRESSIVE;
				CLANG_WARN_UNREACHABLE_CODE = YES;
				CLANG_WARN__DUPLICATE_METHOD_MATCH = YES;
				COPY_PHASE_STRIP = NO;
				DEBUG_INFORMATION_FORMAT = dwarf;
				ENABLE_STRICT_OBJC_MSGSEND = YES;
				ENABLE_TESTABILITY = YES;
				ENABLE_USER_SCRIPT_SANDBOXING = YES;
				GCC_C_LANGUAGE_STANDARD = gnu17;
				GCC_DYNAMIC_NO_PIC = NO;
				GCC_NO_COMMON_BLOCKS = YES;
				GCC_OPTIMIZATION_LEVEL = 0;
				GCC_PREPROCESSOR_DEFINITIONS = (
					"DEBUG=1",
					"$(inherited)",
				);
				GCC_WARN_64_TO_32_BIT_CONVERSION = YES;
				GCC_WARN_ABOUT_RETURN_TYPE = YES_ERROR;
				GCC_WARN_UNDECLARED_SELECTOR = YES;
				GCC_WARN_UNINITIALIZED_AUTOS = YES_AGGRESSIVE;
				GCC_WARN_UNUSED_FUNCTION = YES;
				GCC_WARN_UNUSED_VARIABLE = YES;
				IPHONEOS_DEPLOYMENT_TARGET = 17.5;
				LOCALIZATION_PREFERS_STRING_CATALOGS = YES;
				MTL_ENABLE_DEBUG_INFO = INCLUDE_SOURCE;
				MTL_FAST_MATH = YES;
				ONLY_ACTIVE_ARCH = YES;
				SDKROOT = iphoneos;
				SWIFT_ACTIVE_COMPILATION_CONDITIONS = "DEBUG $(inherited)";
				SWIFT_OPTIMIZATION_LEVEL = "-Onone";
			};
			name = Debug;
		};
		CF6EFBCA2C47DD630088BA68 /* Release */ = {
			isa = XCBuildConfiguration;
			buildSettings = {
				ALWAYS_SEARCH_USER_PATHS = NO;
				ASSETCATALOG_COMPILER_GENERATE_SWIFT_ASSET_SYMBOL_EXTENSIONS = YES;
				CLANG_ANALYZER_NONNULL = YES;
				CLANG_ANALYZER_NUMBER_OBJECT_CONVERSION = YES_AGGRESSIVE;
				CLANG_CXX_LANGUAGE_STANDARD = "gnu++20";
				CLANG_ENABLE_MODULES = YES;
				CLANG_ENABLE_OBJC_ARC = YES;
				CLANG_ENABLE_OBJC_WEAK = YES;
				CLANG_WARN_BLOCK_CAPTURE_AUTORELEASING = YES;
				CLANG_WARN_BOOL_CONVERSION = YES;
				CLANG_WARN_COMMA = YES;
				CLANG_WARN_CONSTANT_CONVERSION = YES;
				CLANG_WARN_DEPRECATED_OBJC_IMPLEMENTATIONS = YES;
				CLANG_WARN_DIRECT_OBJC_ISA_USAGE = YES_ERROR;
				CLANG_WARN_DOCUMENTATION_COMMENTS = YES;
				CLANG_WARN_EMPTY_BODY = YES;
				CLANG_WARN_ENUM_CONVERSION = YES;
				CLANG_WARN_INFINITE_RECURSION = YES;
				CLANG_WARN_INT_CONVERSION = YES;
				CLANG_WARN_NON_LITERAL_NULL_CONVERSION = YES;
				CLANG_WARN_OBJC_IMPLICIT_RETAIN_SELF = YES;
				CLANG_WARN_OBJC_LITERAL_CONVERSION = YES;
				CLANG_WARN_OBJC_ROOT_CLASS = YES_ERROR;
				CLANG_WARN_QUOTED_INCLUDE_IN_FRAMEWORK_HEADER = YES;
				CLANG_WARN_RANGE_LOOP_ANALYSIS = YES;
				CLANG_WARN_STRICT_PROTOTYPES = YES;
				CLANG_WARN_SUSPICIOUS_MOVE = YES;
				CLANG_WARN_UNGUARDED_AVAILABILITY = YES_AGGRESSIVE;
				CLANG_WARN_UNREACHABLE_CODE = YES;
				CLANG_WARN__DUPLICATE_METHOD_MATCH = YES;
				COPY_PHASE_STRIP = NO;
				DEBUG_INFORMATION_FORMAT = "dwarf-with-dsym";
				ENABLE_NS_ASSERTIONS = NO;
				ENABLE_STRICT_OBJC_MSGSEND = YES;
				ENABLE_USER_SCRIPT_SANDBOXING = YES;
				GCC_C_LANGUAGE_STANDARD = gnu17;
				GCC_NO_COMMON_BLOCKS = YES;
				GCC_WARN_64_TO_32_BIT_CONVERSION = YES;
				GCC_WARN_ABOUT_RETURN_TYPE = YES_ERROR;
				GCC_WARN_UNDECLARED_SELECTOR = YES;
				GCC_WARN_UNINITIALIZED_AUTOS = YES_AGGRESSIVE;
				GCC_WARN_UNUSED_FUNCTION = YES;
				GCC_WARN_UNUSED_VARIABLE = YES;
				IPHONEOS_DEPLOYMENT_TARGET = 17.5;
				LOCALIZATION_PREFERS_STRING_CATALOGS = YES;
				MTL_ENABLE_DEBUG_INFO = NO;
				MTL_FAST_MATH = YES;
				SDKROOT = iphoneos;
				SWIFT_COMPILATION_MODE = wholemodule;
				VALIDATE_PRODUCT = YES;
			};
			name = Release;
		};
		CF6EFBCC2C47DD630088BA68 /* Debug */ = {
			isa = XCBuildConfiguration;
			buildSettings = {
				ASSETCATALOG_COMPILER_APPICON_NAME = AppIcon;
				ASSETCATALOG_COMPILER_GLOBAL_ACCENT_COLOR_NAME = AccentColor;
				ASSETCATALOG_COMPILER_INCLUDE_ALL_APPICON_ASSETS = NO;
				CODE_SIGN_STYLE = Automatic;
				CURRENT_PROJECT_VERSION = 1;
				DEVELOPMENT_ASSET_PATHS = "\"RikAndMortiSurf/Preview Content\"";
				DEVELOPMENT_TEAM = YC536CUH9J;
				ENABLE_PREVIEWS = YES;
				GENERATE_INFOPLIST_FILE = YES;
				INFOPLIST_KEY_CFBundleDisplayName = "Рик и Морти";
				INFOPLIST_KEY_UIApplicationSceneManifest_Generation = YES;
				INFOPLIST_KEY_UIApplicationSupportsIndirectInputEvents = YES;
				INFOPLIST_KEY_UILaunchScreen_Generation = YES;
				INFOPLIST_KEY_UILaunchStoryboardName = "Launch Screen.storyboard";
				INFOPLIST_KEY_UIStatusBarStyle = UIStatusBarStyleDarkContent;
				INFOPLIST_KEY_UISupportedInterfaceOrientations = UIInterfaceOrientationPortrait;
				LD_RUNPATH_SEARCH_PATHS = (
					"$(inherited)",
					"@executable_path/Frameworks",
				);
				MARKETING_VERSION = 1.0;
				PRODUCT_BUNDLE_IDENTIFIER = com.MaximGerasimov.RickandMortySurf;
				PRODUCT_NAME = "$(TARGET_NAME)";
				SUPPORTED_PLATFORMS = "iphoneos iphonesimulator";
				SUPPORTS_MACCATALYST = NO;
				SUPPORTS_XR_DESIGNED_FOR_IPHONE_IPAD = NO;
				SWIFT_EMIT_LOC_STRINGS = YES;
				SWIFT_VERSION = 5.0;
				TARGETED_DEVICE_FAMILY = "1,2";
			};
			name = Debug;
		};
		CF6EFBCD2C47DD630088BA68 /* Release */ = {
			isa = XCBuildConfiguration;
			buildSettings = {
				ASSETCATALOG_COMPILER_APPICON_NAME = AppIcon;
				ASSETCATALOG_COMPILER_GLOBAL_ACCENT_COLOR_NAME = AccentColor;
				ASSETCATALOG_COMPILER_INCLUDE_ALL_APPICON_ASSETS = NO;
				CODE_SIGN_STYLE = Automatic;
				CURRENT_PROJECT_VERSION = 1;
				DEVELOPMENT_ASSET_PATHS = "\"RikAndMortiSurf/Preview Content\"";
				DEVELOPMENT_TEAM = YC536CUH9J;
				ENABLE_PREVIEWS = YES;
				GENERATE_INFOPLIST_FILE = YES;
				INFOPLIST_KEY_CFBundleDisplayName = "Рик и Морти";
				INFOPLIST_KEY_UIApplicationSceneManifest_Generation = YES;
				INFOPLIST_KEY_UIApplicationSupportsIndirectInputEvents = YES;
				INFOPLIST_KEY_UILaunchScreen_Generation = YES;
				INFOPLIST_KEY_UILaunchStoryboardName = "Launch Screen.storyboard";
				INFOPLIST_KEY_UIStatusBarStyle = UIStatusBarStyleDarkContent;
				INFOPLIST_KEY_UISupportedInterfaceOrientations = UIInterfaceOrientationPortrait;
				LD_RUNPATH_SEARCH_PATHS = (
					"$(inherited)",
					"@executable_path/Frameworks",
				);
				MARKETING_VERSION = 1.0;
				PRODUCT_BUNDLE_IDENTIFIER = com.MaximGerasimov.RickandMortySurf;
				PRODUCT_NAME = "$(TARGET_NAME)";
				SUPPORTED_PLATFORMS = "iphoneos iphonesimulator";
				SUPPORTS_MACCATALYST = NO;
				SUPPORTS_XR_DESIGNED_FOR_IPHONE_IPAD = NO;
				SWIFT_EMIT_LOC_STRINGS = YES;
				SWIFT_VERSION = 5.0;
				TARGETED_DEVICE_FAMILY = "1,2";
			};
			name = Release;
		};
/* End XCBuildConfiguration section */

/* Begin XCConfigurationList section */
		CF6EFBB82C47DD610088BA68 /* Build configuration list for PBXProject "RickandMortySurf" */ = {
			isa = XCConfigurationList;
			buildConfigurations = (
				CF6EFBC92C47DD630088BA68 /* Debug */,
				CF6EFBCA2C47DD630088BA68 /* Release */,
			);
			defaultConfigurationIsVisible = 0;
			defaultConfigurationName = Release;
		};
		CF6EFBCB2C47DD630088BA68 /* Build configuration list for PBXNativeTarget "RickandMortySurf" */ = {
			isa = XCConfigurationList;
			buildConfigurations = (
				CF6EFBCC2C47DD630088BA68 /* Debug */,
				CF6EFBCD2C47DD630088BA68 /* Release */,
			);
			defaultConfigurationIsVisible = 0;
			defaultConfigurationName = Release;
		};
/* End XCConfigurationList section */
	};
	rootObject = CF6EFBB52C47DD610088BA68 /* Project object */;
}
